
Microsoft Visual Studio Solution File, Format Version 12.00
# Visual Studio Version 16
VisualStudioVersion = 16.0.33027.164
MinimumVisualStudioVersion = 10.0.40219.1
Project("{FAE04EC0-301F-11D3-BF4B-00C04F79EFBC}") = "Abstract Class", "Abstract Class\Abstract Class.csproj", "{98E37237-D86B-4197-A64C-EA562083F428}"
EndProject
Global
	GlobalSection(SolutionConfigurationPlatforms) = preSolution
		Debug|Any CPU = Debug|Any CPU
		Release|Any CPU = Release|Any CPU
	EndGlobalSection
	GlobalSection(ProjectConfigurationPlatforms) = postSolution
		{98E37237-D86B-4197-A64C-EA562083F428}.Debug|Any CPU.ActiveCfg = Debug|Any CPU
		{98E37237-D86B-4197-A64C-EA562083F428}.Debug|Any CPU.Build.0 = Debug|Any CPU
		{98E37237-D86B-4197-A64C-EA562083F428}.Release|Any CPU.ActiveCfg = Release|Any CPU
		{98E37237-D86B-4197-A64C-EA562083F428}.Release|Any CPU.Build.0 = Release|Any CPU
	EndGlobalSection
	GlobalSection(SolutionProperties) = preSolution
		HideSolutionNode = FALSE
	EndGlobalSection
	GlobalSection(ExtensibilityGlobals) = postSolution
		SolutionGuid = {649DF083-6E9B-43B0-A149-3987446DD7D9}
	EndGlobalSection
EndGlobal
