
Microsoft Visual Studio Solution File, Format Version 12.00
# Visual Studio Version 17
VisualStudioVersion = 17.4.33205.214
MinimumVisualStudioVersion = 10.0.40219.1
Project("{FAE04EC0-301F-11D3-BF4B-00C04F79EFBC}") = "Final Submission", "Final Submission\Final Submission.csproj", "{77678759-55D2-4F11-81A4-C3883A1A13E2}"
EndProject
Global
	GlobalSection(SolutionConfigurationPlatforms) = preSolution
		Debug|Any CPU = Debug|Any CPU
		Release|Any CPU = Release|Any CPU
	EndGlobalSection
	GlobalSection(ProjectConfigurationPlatforms) = postSolution
		{77678759-55D2-4F11-81A4-C3883A1A13E2}.Debug|Any CPU.ActiveCfg = Debug|Any CPU
		{77678759-55D2-4F11-81A4-C3883A1A13E2}.Debug|Any CPU.Build.0 = Debug|Any CPU
		{77678759-55D2-4F11-81A4-C3883A1A13E2}.Release|Any CPU.ActiveCfg = Release|Any CPU
		{77678759-55D2-4F11-81A4-C3883A1A13E2}.Release|Any CPU.Build.0 = Release|Any CPU
	EndGlobalSection
	GlobalSection(SolutionProperties) = preSolution
		HideSolutionNode = FALSE
	EndGlobalSection
	GlobalSection(ExtensibilityGlobals) = postSolution
		SolutionGuid = {6B2A04CC-AE2C-4EE9-87E5-A116F5FF6D81}
	EndGlobalSection
EndGlobal
